{
  "name": "mobilemaya-server",
  "version": "1.0.0",
  "lockfileVersion": 2,
  "requires": true,
  "packages": {
    "": {
      "name": "mobilemaya-server",
      "version": "1.0.0",
      "license": "ISC",
      "dependencies": {
        "jsonfile-updater": "^3.1.0"
      }
    },
    "node_modules/jsonfile-updater": {
      "version": "3.1.0",
      "resolved": "https://registry.npmjs.org/jsonfile-updater/-/jsonfile-updater-3.1.0.tgz",
      "integrity": "sha512-G6DB55KX4Cc5t0Zpg4kfy2b3N592fahyoUJz5rk4VmS8lccXskgUbjUEX51iXMc6gh6sE7urmXWJsW6EqDozVQ==",
      "engines": {
        "node": ">=6"
      }
    }
  },
  "dependencies": {
    "jsonfile-updater": {
      "version": "3.1.0",
      "resolved": "https://registry.npmjs.org/jsonfile-updater/-/jsonfile-updater-3.1.0.tgz",
      "integrity": "sha512-G6DB55KX4Cc5t0Zpg4kfy2b3N592fahyoUJz5rk4VmS8lccXskgUbjUEX51iXMc6gh6sE7urmXWJsW6EqDozVQ=="
    }
  }
}
